
Microsoft Visual Studio Solution File, Format Version 12.00
# Visual Studio Version 16
VisualStudioVersion = 16.0.29613.14
MinimumVisualStudioVersion = 10.0.40219.1
Project("{FAE04EC0-301F-11D3-BF4B-00C04F79EFBC}") = "TPI-Chat-EaaswaralingamKaarththigan", "TPI-Chat-EaaswaralingamKaarththigan\TPI-Chat-EaaswaralingamKaarththigan.csproj", "{21CCF982-5C79-4C1E-8DA0-5FFB3A363C3F}"
EndProject
Global
	GlobalSection(SolutionConfigurationPlatforms) = preSolution
		Debug|Any CPU = Debug|Any CPU
		Release|Any CPU = Release|Any CPU
	EndGlobalSection
	GlobalSection(ProjectConfigurationPlatforms) = postSolution
		{21CCF982-5C79-4C1E-8DA0-5FFB3A363C3F}.Debug|Any CPU.ActiveCfg = Debug|Any CPU
		{21CCF982-5C79-4C1E-8DA0-5FFB3A363C3F}.Debug|Any CPU.Build.0 = Debug|Any CPU
		{21CCF982-5C79-4C1E-8DA0-5FFB3A363C3F}.Release|Any CPU.ActiveCfg = Release|Any CPU
		{21CCF982-5C79-4C1E-8DA0-5FFB3A363C3F}.Release|Any CPU.Build.0 = Release|Any CPU
	EndGlobalSection
	GlobalSection(SolutionProperties) = preSolution
		HideSolutionNode = FALSE
	EndGlobalSection
	GlobalSection(ExtensibilityGlobals) = postSolution
		SolutionGuid = {B640870B-054E-4BAE-8679-680EFC760BF6}
	EndGlobalSection
EndGlobal
